
Microsoft Visual Studio Solution File, Format Version 12.00
# Visual Studio Version 17
VisualStudioVersion = 17.9.34728.123
MinimumVisualStudioVersion = 10.0.40219.1
Project("{9A19103F-16F7-4668-BE54-9A1E7A4F7556}") = "FlagsRally", "FlagsRally.csproj", "{780E517E-6E76-4D64-A1BE-0076081E0F9C}"
EndProject
Project("{FAE04EC0-301F-11D3-BF4B-00C04F79EFBC}") = "FlagsRally_xUnitTest", "..\FlagsRally_xUnitTest\FlagsRally_xUnitTest.csproj", "{D0C1D819-AE92-4049-8B0F-8DF86E1C95E8}"
EndProject
Global
	GlobalSection(SolutionConfigurationPlatforms) = preSolution
		Debug|Any CPU = Debug|Any CPU
		Release|Any CPU = Release|Any CPU
	EndGlobalSection
	GlobalSection(ProjectConfigurationPlatforms) = postSolution
		{780E517E-6E76-4D64-A1BE-0076081E0F9C}.Debug|Any CPU.ActiveCfg = Debug|Any CPU
		{780E517E-6E76-4D64-A1BE-0076081E0F9C}.Debug|Any CPU.Build.0 = Debug|Any CPU
		{780E517E-6E76-4D64-A1BE-0076081E0F9C}.Debug|Any CPU.Deploy.0 = Debug|Any CPU
		{780E517E-6E76-4D64-A1BE-0076081E0F9C}.Release|Any CPU.ActiveCfg = Release|Any CPU
		{780E517E-6E76-4D64-A1BE-0076081E0F9C}.Release|Any CPU.Build.0 = Release|Any CPU
		{780E517E-6E76-4D64-A1BE-0076081E0F9C}.Release|Any CPU.Deploy.0 = Release|Any CPU
		{D0C1D819-AE92-4049-8B0F-8DF86E1C95E8}.Debug|Any CPU.ActiveCfg = Debug|Any CPU
		{D0C1D819-AE92-4049-8B0F-8DF86E1C95E8}.Debug|Any CPU.Build.0 = Debug|Any CPU
		{D0C1D819-AE92-4049-8B0F-8DF86E1C95E8}.Release|Any CPU.ActiveCfg = Release|Any CPU
		{D0C1D819-AE92-4049-8B0F-8DF86E1C95E8}.Release|Any CPU.Build.0 = Release|Any CPU
	EndGlobalSection
	GlobalSection(SolutionProperties) = preSolution
		HideSolutionNode = FALSE
	EndGlobalSection
	GlobalSection(ExtensibilityGlobals) = postSolution
		SolutionGuid = {7D770B0A-91D3-4047-9C21-CE2171475376}
	EndGlobalSection
EndGlobal
